// !$*UTF8*$!
{
	archiveVersion = 1;
	classes = {
	};
	objectVersion = 55;
	objects = {

/* Begin PBXBuildFile section */
		9B0C9C6127FEC977002978AD /* NaviViewController.swift in Sources */ = {isa = PBXBuildFile; fileRef = 9B0C9C6027FEC977002978AD /* NaviViewController.swift */; };
		9B53000227FB9FC700183A8F /* AppDelegate.swift in Sources */ = {isa = PBXBuildFile; fileRef = 9B53000127FB9FC700183A8F /* AppDelegate.swift */; };
		9B53000427FB9FC700183A8F /* SceneDelegate.swift in Sources */ = {isa = PBXBuildFile; fileRef = 9B53000327FB9FC700183A8F /* SceneDelegate.swift */; };
		9B53000627FB9FC700183A8F /* ViewController.swift in Sources */ = {isa = PBXBuildFile; fileRef = 9B53000527FB9FC700183A8F /* ViewController.swift */; };
		9B53000927FB9FC700183A8F /* Main.storyboard in Resources */ = {isa = PBXBuildFile; fileRef = 9B53000727FB9FC700183A8F /* Main.storyboard */; };
		9B53000B27FB9FC900183A8F /* Assets.xcassets in Resources */ = {isa = PBXBuildFile; fileRef = 9B53000A27FB9FC900183A8F /* Assets.xcassets */; };
		9B53000E27FB9FC900183A8F /* LaunchScreen.storyboard in Resources */ = {isa = PBXBuildFile; fileRef = 9B53000C27FB9FC900183A8F /* LaunchScreen.storyboard */; };
		9B53001927FB9FC900183A8F /* Swift_CombineIntroTests.swift in Sources */ = {isa = PBXBuildFile; fileRef = 9B53001827FB9FC900183A8F /* Swift_CombineIntroTests.swift */; };
		9B53002327FB9FC900183A8F /* Swift_CombineIntroUITests.swift in Sources */ = {isa = PBXBuildFile; fileRef = 9B53002227FB9FC900183A8F /* Swift_CombineIntroUITests.swift */; };
		9B53002527FB9FC900183A8F /* Swift_CombineIntroUITestsLaunchTests.swift in Sources */ = {isa = PBXBuildFile; fileRef = 9B53002427FB9FC900183A8F /* Swift_CombineIntroUITestsLaunchTests.swift */; };
		9B53003227FBA22100183A8F /* APICaller.swift in Sources */ = {isa = PBXBuildFile; fileRef = 9B53003127FBA22100183A8F /* APICaller.swift */; };
		9B53003427FEAE4A00183A8F /* MyViewModel.swift in Sources */ = {isa = PBXBuildFile; fileRef = 9B53003327FEAE4A00183A8F /* MyViewModel.swift */; };
		9B53003627FEC7FE00183A8F /* MainController.swift in Sources */ = {isa = PBXBuildFile; fileRef = 9B53003527FEC7FE00183A8F /* MainController.swift */; };
/* End PBXBuildFile section */

/* Begin PBXContainerItemProxy section */
		9B53001527FB9FC900183A8F /* PBXContainerItemProxy */ = {
			isa = PBXContainerItemProxy;
			containerPortal = 9B53FFF627FB9FC700183A8F /* Project object */;
			proxyType = 1;
			remoteGlobalIDString = 9B53FFFD27FB9FC700183A8F;
			remoteInfo = Swift_CombineIntro;
		};
		9B53001F27FB9FC900183A8F /* PBXContainerItemProxy */ = {
			isa = PBXContainerItemProxy;
			containerPortal = 9B53FFF627FB9FC700183A8F /* Project object */;
			proxyType = 1;
			remoteGlobalIDString = 9B53FFFD27FB9FC700183A8F;
			remoteInfo = Swift_CombineIntro;
		};
/* End PBXContainerItemProxy section */

/* Begin PBXFileReference section */
		9B0C9C6027FEC977002978AD /* NaviViewController.swift */ = {isa = PBXFileReference; lastKnownFileType = sourcecode.swift; path = NaviViewController.swift; sourceTree = "<group>"; };
		9B53000127FB9FC700183A8F /* AppDelegate.swift */ = {isa = PBXFileReference; lastKnownFileType = sourcecode.swift; path = AppDelegate.swift; sourceTree = "<group>"; };
		9B53000327FB9FC700183A8F /* SceneDelegate.swift */ = {isa = PBXFileReference; lastKnownFileType = sourcecode.swift; path = SceneDelegate.swift; sourceTree = "<group>"; };
		9B53000527FB9FC700183A8F /* ViewController.swift */ = {isa = PBXFileReference; lastKnownFileType = sourcecode.swift; path = ViewController.swift; sourceTree = "<group>"; };
		9B53000827FB9FC700183A8F /* Base */ = {isa = PBXFileReference; lastKnownFileType = file.storyboard; name = Base; path = Base.lproj/Main.storyboard; sourceTree = "<group>"; };
		9B53000A27FB9FC900183A8F /* Assets.xcassets */ = {isa = PBXFileReference; lastKnownFileType = folder.assetcatalog; path = Assets.xcassets; sourceTree = "<group>"; };
		9B53000D27FB9FC900183A8F /* Base */ = {isa = PBXFileReference; lastKnownFileType = file.storyboard; name = Base; path = Base.lproj/LaunchScreen.storyboard; sourceTree = "<group>"; };
		9B53000F27FB9FC900183A8F /* Info.plist */ = {isa = PBXFileReference; lastKnownFileType = text.plist.xml; path = Info.plist; sourceTree = "<group>"; };
		9B53001427FB9FC900183A8F /* Swift_CombineIntroTests.xctest */ = {isa = PBXFileReference; explicitFileType = wrapper.cfbundle; includeInIndex = 0; path = Swift_CombineIntroTests.xctest; sourceTree = BUILT_PRODUCTS_DIR; };
		9B53001827FB9FC900183A8F /* Swift_CombineIntroTests.swift */ = {isa = PBXFileReference; lastKnownFileType = sourcecode.swift; path = Swift_CombineIntroTests.swift; sourceTree = "<group>"; };
		9B53001E27FB9FC900183A8F /* Swift_CombineIntroUITests.xctest */ = {isa = PBXFileReference; explicitFileType = wrapper.cfbundle; includeInIndex = 0; path = Swift_CombineIntroUITests.xctest; sourceTree = BUILT_PRODUCTS_DIR; };
		9B53002227FB9FC900183A8F /* Swift_CombineIntroUITests.swift */ = {isa = PBXFileReference; lastKnownFileType = sourcecode.swift; path = Swift_CombineIntroUITests.swift; sourceTree = "<group>"; };
		9B53002427FB9FC900183A8F /* Swift_CombineIntroUITestsLaunchTests.swift */ = {isa = PBXFileReference; lastKnownFileType = sourcecode.swift; path = Swift_CombineIntroUITestsLaunchTests.swift; sourceTree = "<group>"; };
		9B53003127FBA22100183A8F /* APICaller.swift */ = {isa = PBXFileReference; lastKnownFileType = sourcecode.swift; path = APICaller.swift; sourceTree = "<group>"; };
		9B53003327FEAE4A00183A8F /* MyViewModel.swift */ = {isa = PBXFileReference; lastKnownFileType = sourcecode.swift; path = MyViewModel.swift; sourceTree = "<group>"; };
		9B53003527FEC7FE00183A8F /* MainController.swift */ = {isa = PBXFileReference; lastKnownFileType = sourcecode.swift; path = MainController.swift; sourceTree = "<group>"; };
		9B53FFFE27FB9FC700183A8F /* Swift_CombineIntro.app */ = {isa = PBXFileReference; explicitFileType = wrapper.application; includeInIndex = 0; path = Swift_CombineIntro.app; sourceTree = BUILT_PRODUCTS_DIR; };
/* End PBXFileReference section */

/* Begin PBXFrameworksBuildPhase section */
		9B53001127FB9FC900183A8F /* Frameworks */ = {
			isa = PBXFrameworksBuildPhase;
			buildActionMask = 2147483647;
			files = (
			);
			runOnlyForDeploymentPostprocessing = 0;
		};
		9B53001B27FB9FC900183A8F /* Frameworks */ = {
			isa = PBXFrameworksBuildPhase;
			buildActionMask = 2147483647;
			files = (
			);
			runOnlyForDeploymentPostprocessing = 0;
		};
		9B53FFFB27FB9FC700183A8F /* Frameworks */ = {
			isa = PBXFrameworksBuildPhase;
			buildActionMask = 2147483647;
			files = (
			);
			runOnlyForDeploymentPostprocessing = 0;
		};
/* End PBXFrameworksBuildPhase section */

/* Begin PBXGroup section */
		9B53000027FB9FC700183A8F /* Swift_CombineIntro */ = {
			isa = PBXGroup;
			children = (
				9B53003527FEC7FE00183A8F /* MainController.swift */,
				9B53003327FEAE4A00183A8F /* MyViewModel.swift */,
				9B53000127FB9FC700183A8F /* AppDelegate.swift */,
				9B53000327FB9FC700183A8F /* SceneDelegate.swift */,
				9B53000527FB9FC700183A8F /* ViewController.swift */,
				9B53000727FB9FC700183A8F /* Main.storyboard */,
				9B53000A27FB9FC900183A8F /* Assets.xcassets */,
				9B53000C27FB9FC900183A8F /* LaunchScreen.storyboard */,
				9B53000F27FB9FC900183A8F /* Info.plist */,
				9B53003127FBA22100183A8F /* APICaller.swift */,
				9B0C9C6027FEC977002978AD /* NaviViewController.swift */,
			);
			path = Swift_CombineIntro;
			sourceTree = "<group>";
		};
		9B53001727FB9FC900183A8F /* Swift_CombineIntroTests */ = {
			isa = PBXGroup;
			children = (
				9B53001827FB9FC900183A8F /* Swift_CombineIntroTests.swift */,
			);
			path = Swift_CombineIntroTests;
			sourceTree = "<group>";
		};
		9B53002127FB9FC900183A8F /* Swift_CombineIntroUITests */ = {
			isa = PBXGroup;
			children = (
				9B53002227FB9FC900183A8F /* Swift_CombineIntroUITests.swift */,
				9B53002427FB9FC900183A8F /* Swift_CombineIntroUITestsLaunchTests.swift */,
			);
			path = Swift_CombineIntroUITests;
			sourceTree = "<group>";
		};
		9B53FFF527FB9FC700183A8F = {
			isa = PBXGroup;
			children = (
				9B53000027FB9FC700183A8F /* Swift_CombineIntro */,
				9B53001727FB9FC900183A8F /* Swift_CombineIntroTests */,
				9B53002127FB9FC900183A8F /* Swift_CombineIntroUITests */,
				9B53FFFF27FB9FC700183A8F /* Products */,
			);
			sourceTree = "<group>";
		};
		9B53FFFF27FB9FC700183A8F /* Products */ = {
			isa = PBXGroup;
			children = (
				9B53FFFE27FB9FC700183A8F /* Swift_CombineIntro.app */,
				9B53001427FB9FC900183A8F /* Swift_CombineIntroTests.xctest */,
				9B53001E27FB9FC900183A8F /* Swift_CombineIntroUITests.xctest */,
			);
			name = Products;
			sourceTree = "<group>";
		};
/* End PBXGroup section */

/* Begin PBXNativeTarget section */
		9B53001327FB9FC900183A8F /* Swift_CombineIntroTests */ = {
			isa = PBXNativeTarget;
			buildConfigurationList = 9B53002B27FB9FC900183A8F /* Build configuration list for PBXNativeTarget "Swift_CombineIntroTests" */;
			buildPhases = (
				9B53001027FB9FC900183A8F /* Sources */,
				9B53001127FB9FC900183A8F /* Frameworks */,
				9B53001227FB9FC900183A8F /* Resources */,
			);
			buildRules = (
			);
			dependencies = (
				9B53001627FB9FC900183A8F /* PBXTargetDependency */,
			);
			name = Swift_CombineIntroTests;
			productName = Swift_CombineIntroTests;
			productReference = 9B53001427FB9FC900183A8F /* Swift_CombineIntroTests.xctest */;
			productType = "com.apple.product-type.bundle.unit-test";
		};
		9B53001D27FB9FC900183A8F /* Swift_CombineIntroUITests */ = {
			isa = PBXNativeTarget;
			buildConfigurationList = 9B53002E27FB9FC900183A8F /* Build configuration list for PBXNativeTarget "Swift_CombineIntroUITests" */;
			buildPhases = (
				9B53001A27FB9FC900183A8F /* Sources */,
				9B53001B27FB9FC900183A8F /* Frameworks */,
				9B53001C27FB9FC900183A8F /* Resources */,
			);
			buildRules = (
			);
			dependencies = (
				9B53002027FB9FC900183A8F /* PBXTargetDependency */,
			);
			name = Swift_CombineIntroUITests;
			productName = Swift_CombineIntroUITests;
			productReference = 9B53001E27FB9FC900183A8F /* Swift_CombineIntroUITests.xctest */;
			productType = "com.apple.product-type.bundle.ui-testing";
		};
		9B53FFFD27FB9FC700183A8F /* Swift_CombineIntro */ = {
			isa = PBXNativeTarget;
			buildConfigurationList = 9B53002827FB9FC900183A8F /* Build configuration list for PBXNativeTarget "Swift_CombineIntro" */;
			buildPhases = (
				9B53FFFA27FB9FC700183A8F /* Sources */,
				9B53FFFB27FB9FC700183A8F /* Frameworks */,
				9B53FFFC27FB9FC700183A8F /* Resources */,
			);
			buildRules = (
			);
			dependencies = (
			);
			name = Swift_CombineIntro;
			productName = Swift_CombineIntro;
			productReference = 9B53FFFE27FB9FC700183A8F /* Swift_CombineIntro.app */;
			productType = "com.apple.product-type.application";
		};
/* End PBXNativeTarget section */

/* Begin PBXProject section */
		9B53FFF627FB9FC700183A8F /* Project object */ = {
			isa = PBXProject;
			attributes = {
				BuildIndependentTargetsInParallel = 1;
				LastSwiftUpdateCheck = 1330;
				LastUpgradeCheck = 1330;
				TargetAttributes = {
					9B53001327FB9FC900183A8F = {
						CreatedOnToolsVersion = 13.3;
						TestTargetID = 9B53FFFD27FB9FC700183A8F;
					};
					9B53001D27FB9FC900183A8F = {
						CreatedOnToolsVersion = 13.3;
						TestTargetID = 9B53FFFD27FB9FC700183A8F;
					};
					9B53FFFD27FB9FC700183A8F = {
						CreatedOnToolsVersion = 13.3;
					};
				};
			};
			buildConfigurationList = 9B53FFF927FB9FC700183A8F /* Build configuration list for PBXProject "Swift_CombineIntro" */;
			compatibilityVersion = "Xcode 13.0";
			developmentRegion = en;
			hasScannedForEncodings = 0;
			knownRegions = (
				en,
				Base,
			);
			mainGroup = 9B53FFF527FB9FC700183A8F;
			productRefGroup = 9B53FFFF27FB9FC700183A8F /* Products */;
			projectDirPath = "";
			projectRoot = "";
			targets = (
				9B53FFFD27FB9FC700183A8F /* Swift_CombineIntro */,
				9B53001327FB9FC900183A8F /* Swift_CombineIntroTests */,
				9B53001D27FB9FC900183A8F /* Swift_CombineIntroUITests */,
			);
		};
/* End PBXProject section */

/* Begin PBXResourcesBuildPhase section */
		9B53001227FB9FC900183A8F /* Resources */ = {
			isa = PBXResourcesBuildPhase;
			buildActionMask = 2147483647;
			files = (
			);
			runOnlyForDeploymentPostprocessing = 0;
		};
		9B53001C27FB9FC900183A8F /* Resources */ = {
			isa = PBXResourcesBuildPhase;
			buildActionMask = 2147483647;
			files = (
			);
			runOnlyForDeploymentPostprocessing = 0;
		};
		9B53FFFC27FB9FC700183A8F /* Resources */ = {
			isa = PBXResourcesBuildPhase;
			buildActionMask = 2147483647;
			files = (
				9B53000E27FB9FC900183A8F /* LaunchScreen.storyboard in Resources */,
				9B53000B27FB9FC900183A8F /* Assets.xcassets in Resources */,
				9B53000927FB9FC700183A8F /* Main.storyboard in Resources */,
			);
			runOnlyForDeploymentPostprocessing = 0;
		};
/* End PBXResourcesBuildPhase section */

/* Begin PBXSourcesBuildPhase section */
		9B53001027FB9FC900183A8F /* Sources */ = {
			isa = PBXSourcesBuildPhase;
			buildActionMask = 2147483647;
			files = (
				9B53001927FB9FC900183A8F /* Swift_CombineIntroTests.swift in Sources */,
			);
			runOnlyForDeploymentPostprocessing = 0;
		};
		9B53001A27FB9FC900183A8F /* Sources */ = {
			isa = PBXSourcesBuildPhase;
			buildActionMask = 2147483647;
			files = (
				9B53002327FB9FC900183A8F /* Swift_CombineIntroUITests.swift in Sources */,
				9B53002527FB9FC900183A8F /* Swift_CombineIntroUITestsLaunchTests.swift in Sources */,
			);
			runOnlyForDeploymentPostprocessing = 0;
		};
		9B53FFFA27FB9FC700183A8F /* Sources */ = {
			isa = PBXSourcesBuildPhase;
			buildActionMask = 2147483647;
			files = (
				9B53000627FB9FC700183A8F /* ViewController.swift in Sources */,
				9B53000227FB9FC700183A8F /* AppDelegate.swift in Sources */,
				9B53000427FB9FC700183A8F /* SceneDelegate.swift in Sources */,
				9B0C9C6127FEC977002978AD /* NaviViewController.swift in Sources */,
				9B53003227FBA22100183A8F /* APICaller.swift in Sources */,
				9B53003627FEC7FE00183A8F /* MainController.swift in Sources */,
				9B53003427FEAE4A00183A8F /* MyViewModel.swift in Sources */,
			);
			runOnlyForDeploymentPostprocessing = 0;
		};
/* End PBXSourcesBuildPhase section */

/* Begin PBXTargetDependency section */
		9B53001627FB9FC900183A8F /* PBXTargetDependency */ = {
			isa = PBXTargetDependency;
			target = 9B53FFFD27FB9FC700183A8F /* Swift_CombineIntro */;
			targetProxy = 9B53001527FB9FC900183A8F /* PBXContainerItemProxy */;
		};
		9B53002027FB9FC900183A8F /* PBXTargetDependency */ = {
			isa = PBXTargetDependency;
			target = 9B53FFFD27FB9FC700183A8F /* Swift_CombineIntro */;
			targetProxy = 9B53001F27FB9FC900183A8F /* PBXContainerItemProxy */;
		};
/* End PBXTargetDependency section */

/* Begin PBXVariantGroup section */
		9B53000727FB9FC700183A8F /* Main.storyboard */ = {
			isa = PBXVariantGroup;
			children = (
				9B53000827FB9FC700183A8F /* Base */,
			);
			name = Main.storyboard;
			sourceTree = "<group>";
		};
		9B53000C27FB9FC900183A8F /* LaunchScreen.storyboard */ = {
			isa = PBXVariantGroup;
			children = (
				9B53000D27FB9FC900183A8F /* Base */,
			);
			name = LaunchScreen.storyboard;
			sourceTree = "<group>";
		};
/* End PBXVariantGroup section */

/* Begin XCBuildConfiguration section */
		9B53002627FB9FC900183A8F /* Debug */ = {
			isa = XCBuildConfiguration;
			buildSettings = {
				ALWAYS_SEARCH_USER_PATHS = NO;
				CLANG_ANALYZER_NONNULL = YES;
				CLANG_ANALYZER_NUMBER_OBJECT_CONVERSION = YES_AGGRESSIVE;
				CLANG_CXX_LANGUAGE_STANDARD = "gnu++17";
				CLANG_ENABLE_MODULES = YES;
				CLANG_ENABLE_OBJC_ARC = YES;
				CLANG_ENABLE_OBJC_WEAK = YES;
				CLANG_WARN_BLOCK_CAPTURE_AUTORELEASING = YES;
				CLANG_WARN_BOOL_CONVERSION = YES;
				CLANG_WARN_COMMA = YES;
				CLANG_WARN_CONSTANT_CONVERSION = YES;
				CLANG_WARN_DEPRECATED_OBJC_IMPLEMENTATIONS = YES;
				CLANG_WARN_DIRECT_OBJC_ISA_USAGE = YES_ERROR;
				CLANG_WARN_DOCUMENTATION_COMMENTS = YES;
				CLANG_WARN_EMPTY_BODY = YES;
				CLANG_WARN_ENUM_CONVERSION = YES;
				CLANG_WARN_INFINITE_RECURSION = YES;
				CLANG_WARN_INT_CONVERSION = YES;
				CLANG_WARN_NON_LITERAL_NULL_CONVERSION = YES;
				CLANG_WARN_OBJC_IMPLICIT_RETAIN_SELF = YES;
				CLANG_WARN_OBJC_LITERAL_CONVERSION = YES;
				CLANG_WARN_OBJC_ROOT_CLASS = YES_ERROR;
				CLANG_WARN_QUOTED_INCLUDE_IN_FRAMEWORK_HEADER = YES;
				CLANG_WARN_RANGE_LOOP_ANALYSIS = YES;
				CLANG_WARN_STRICT_PROTOTYPES = YES;
				CLANG_WARN_SUSPICIOUS_MOVE = YES;
				CLANG_WARN_UNGUARDED_AVAILABILITY = YES_AGGRESSIVE;
				CLANG_WARN_UNREACHABLE_CODE = YES;
				CLANG_WARN__DUPLICATE_METHOD_MATCH = YES;
				COPY_PHASE_STRIP = NO;
				DEBUG_INFORMATION_FORMAT = dwarf;
				ENABLE_STRICT_OBJC_MSGSEND = YES;
				ENABLE_TESTABILITY = YES;
				GCC_C_LANGUAGE_STANDARD = gnu11;
				GCC_DYNAMIC_NO_PIC = NO;
				GCC_NO_COMMON_BLOCKS = YES;
				GCC_OPTIMIZATION_LEVEL = 0;
				GCC_PREPROCESSOR_DEFINITIONS = (
					"DEBUG=1",
					"$(inherited)",
				);
				GCC_WARN_64_TO_32_BIT_CONVERSION = YES;
				GCC_WARN_ABOUT_RETURN_TYPE = YES_ERROR;
				GCC_WARN_UNDECLARED_SELECTOR = YES;
				GCC_WARN_UNINITIALIZED_AUTOS = YES_AGGRESSIVE;
				GCC_WARN_UNUSED_FUNCTION = YES;
				GCC_WARN_UNUSED_VARIABLE = YES;
				IPHONEOS_DEPLOYMENT_TARGET = 15.4;
				MTL_ENABLE_DEBUG_INFO = INCLUDE_SOURCE;
				MTL_FAST_MATH = YES;
				ONLY_ACTIVE_ARCH = YES;
				SDKROOT = iphoneos;
				SWIFT_ACTIVE_COMPILATION_CONDITIONS = DEBUG;
				SWIFT_OPTIMIZATION_LEVEL = "-Onone";
			};
			name = Debug;
		};
		9B53002727FB9FC900183A8F /* Release */ = {
			isa = XCBuildConfiguration;
			buildSettings = {
				ALWAYS_SEARCH_USER_PATHS = NO;
				CLANG_ANALYZER_NONNULL = YES;
				CLANG_ANALYZER_NUMBER_OBJECT_CONVERSION = YES_AGGRESSIVE;
				CLANG_CXX_LANGUAGE_STANDARD = "gnu++17";
				CLANG_ENABLE_MODULES = YES;
				CLANG_ENABLE_OBJC_ARC = YES;
				CLANG_ENABLE_OBJC_WEAK = YES;
				CLANG_WARN_BLOCK_CAPTURE_AUTORELEASING = YES;
				CLANG_WARN_BOOL_CONVERSION = YES;
				CLANG_WARN_COMMA = YES;
				CLANG_WARN_CONSTANT_CONVERSION = YES;
				CLANG_WARN_DEPRECATED_OBJC_IMPLEMENTATIONS = YES;
				CLANG_WARN_DIRECT_OBJC_ISA_USAGE = YES_ERROR;
				CLANG_WARN_DOCUMENTATION_COMMENTS = YES;
				CLANG_WARN_EMPTY_BODY = YES;
				CLANG_WARN_ENUM_CONVERSION = YES;
				CLANG_WARN_INFINITE_RECURSION = YES;
				CLANG_WARN_INT_CONVERSION = YES;
				CLANG_WARN_NON_LITERAL_NULL_CONVERSION = YES;
				CLANG_WARN_OBJC_IMPLICIT_RETAIN_SELF = YES;
				CLANG_WARN_OBJC_LITERAL_CONVERSION = YES;
				CLANG_WARN_OBJC_ROOT_CLASS = YES_ERROR;
				CLANG_WARN_QUOTED_INCLUDE_IN_FRAMEWORK_HEADER = YES;
				CLANG_WARN_RANGE_LOOP_ANALYSIS = YES;
				CLANG_WARN_STRICT_PROTOTYPES = YES;
				CLANG_WARN_SUSPICIOUS_MOVE = YES;
				CLANG_WARN_UNGUARDED_AVAILABILITY = YES_AGGRESSIVE;
				CLANG_WARN_UNREACHABLE_CODE = YES;
				CLANG_WARN__DUPLICATE_METHOD_MATCH = YES;
				COPY_PHASE_STRIP = NO;
				DEBUG_INFORMATION_FORMAT = "dwarf-with-dsym";
				ENABLE_NS_ASSERTIONS = NO;
				ENABLE_STRICT_OBJC_MSGSEND = YES;
				GCC_C_LANGUAGE_STANDARD = gnu11;
				GCC_NO_COMMON_BLOCKS = YES;
				GCC_WARN_64_TO_32_BIT_CONVERSION = YES;
				GCC_WARN_ABOUT_RETURN_TYPE = YES_ERROR;
				GCC_WARN_UNDECLARED_SELECTOR = YES;
				GCC_WARN_UNINITIALIZED_AUTOS = YES_AGGRESSIVE;
				GCC_WARN_UNUSED_FUNCTION = YES;
				GCC_WARN_UNUSED_VARIABLE = YES;
				IPHONEOS_DEPLOYMENT_TARGET = 15.4;
				MTL_ENABLE_DEBUG_INFO = NO;
				MTL_FAST_MATH = YES;
				SDKROOT = iphoneos;
				SWIFT_COMPILATION_MODE = wholemodule;
				SWIFT_OPTIMIZATION_LEVEL = "-O";
				VALIDATE_PRODUCT = YES;
			};
			name = Release;
		};
		9B53002927FB9FC900183A8F /* Debug */ = {
			isa = XCBuildConfiguration;
			buildSettings = {
				ASSETCATALOG_COMPILER_APPICON_NAME = AppIcon;
				ASSETCATALOG_COMPILER_GLOBAL_ACCENT_COLOR_NAME = AccentColor;
				CODE_SIGN_STYLE = Automatic;
				CURRENT_PROJECT_VERSION = 1;
				DEVELOPMENT_TEAM = JUG5Q2JKZC;
				GENERATE_INFOPLIST_FILE = YES;
				INFOPLIST_FILE = Swift_CombineIntro/Info.plist;
				INFOPLIST_KEY_UIApplicationSupportsIndirectInputEvents = YES;
				INFOPLIST_KEY_UILaunchStoryboardName = LaunchScreen;
				INFOPLIST_KEY_UIMainStoryboardFile = Main;
				INFOPLIST_KEY_UISupportedInterfaceOrientations_iPad = "UIInterfaceOrientationPortrait UIInterfaceOrientationPortraitUpsideDown UIInterfaceOrientationLandscapeLeft UIInterfaceOrientationLandscapeRight";
				INFOPLIST_KEY_UISupportedInterfaceOrientations_iPhone = "UIInterfaceOrientationPortrait UIInterfaceOrientationLandscapeLeft UIInterfaceOrientationLandscapeRight";
				LD_RUNPATH_SEARCH_PATHS = (
					"$(inherited)",
					"@executable_path/Frameworks",
				);
				MARKETING_VERSION = 1.0;
				PRODUCT_BUNDLE_IDENTIFIER = "com.app.swift.Swift-CombineIntro";
				PRODUCT_NAME = "$(TARGET_NAME)";
				SWIFT_EMIT_LOC_STRINGS = YES;
				SWIFT_VERSION = 5.0;
				TARGETED_DEVICE_FAMILY = 1;
			};
			name = Debug;
		};
		9B53002A27FB9FC900183A8F /* Release */ = {
			isa = XCBuildConfiguration;
			buildSettings = {
				ASSETCATALOG_COMPILER_APPICON_NAME = AppIcon;
				ASSETCATALOG_COMPILER_GLOBAL_ACCENT_COLOR_NAME = AccentColor;
				CODE_SIGN_STYLE = Automatic;
				CURRENT_PROJECT_VERSION = 1;
				DEVELOPMENT_TEAM = JUG5Q2JKZC;
				GENERATE_INFOPLIST_FILE = YES;
				INFOPLIST_FILE = Swift_CombineIntro/Info.plist;
				INFOPLIST_KEY_UIApplicationSupportsIndirectInputEvents = YES;
				INFOPLIST_KEY_UILaunchStoryboardName = LaunchScreen;
				INFOPLIST_KEY_UIMainStoryboardFile = Main;
				INFOPLIST_KEY_UISupportedInterfaceOrientations_iPad = "UIInterfaceOrientationPortrait UIInterfaceOrientationPortraitUpsideDown UIInterfaceOrientationLandscapeLeft UIInterfaceOrientationLandscapeRight";
				INFOPLIST_KEY_UISupportedInterfaceOrientations_iPhone = "UIInterfaceOrientationPortrait UIInterfaceOrientationLandscapeLeft UIInterfaceOrientationLandscapeRight";
				LD_RUNPATH_SEARCH_PATHS = (
					"$(inherited)",
					"@executable_path/Frameworks",
				);
				MARKETING_VERSION = 1.0;
				PRODUCT_BUNDLE_IDENTIFIER = "com.app.swift.Swift-CombineIntro";
				PRODUCT_NAME = "$(TARGET_NAME)";
				SWIFT_EMIT_LOC_STRINGS = YES;
				SWIFT_VERSION = 5.0;
				TARGETED_DEVICE_FAMILY = 1;
			};
			name = Release;
		};
		9B53002C27FB9FC900183A8F /* Debug */ = {
			isa = XCBuildConfiguration;
			buildSettings = {
				ALWAYS_EMBED_SWIFT_STANDARD_LIBRARIES = YES;
				BUNDLE_LOADER = "$(TEST_HOST)";
				CODE_SIGN_STYLE = Automatic;
				CURRENT_PROJECT_VERSION = 1;
				DEVELOPMENT_TEAM = JUG5Q2JKZC;
				GENERATE_INFOPLIST_FILE = YES;
				IPHONEOS_DEPLOYMENT_TARGET = 15.4;
				MARKETING_VERSION = 1.0;
				PRODUCT_BUNDLE_IDENTIFIER = "com.app.swift.Swift-CombineIntroTests";
				PRODUCT_NAME = "$(TARGET_NAME)";
				SWIFT_EMIT_LOC_STRINGS = NO;
				SWIFT_VERSION = 5.0;
				TARGETED_DEVICE_FAMILY = "1,2";
				TEST_HOST = "$(BUILT_PRODUCTS_DIR)/Swift_CombineIntro.app/Swift_CombineIntro";
			};
			name = Debug;
		};
		9B53002D27FB9FC900183A8F /* Release */ = {
			isa = XCBuildConfiguration;
			buildSettings = {
				ALWAYS_EMBED_SWIFT_STANDARD_LIBRARIES = YES;
				BUNDLE_LOADER = "$(TEST_HOST)";
				CODE_SIGN_STYLE = Automatic;
				CURRENT_PROJECT_VERSION = 1;
				DEVELOPMENT_TEAM = JUG5Q2JKZC;
				GENERATE_INFOPLIST_FILE = YES;
				IPHONEOS_DEPLOYMENT_TARGET = 15.4;
				MARKETING_VERSION = 1.0;
				PRODUCT_BUNDLE_IDENTIFIER = "com.app.swift.Swift-CombineIntroTests";
				PRODUCT_NAME = "$(TARGET_NAME)";
				SWIFT_EMIT_LOC_STRINGS = NO;
				SWIFT_VERSION = 5.0;
				TARGETED_DEVICE_FAMILY = "1,2";
				TEST_HOST = "$(BUILT_PRODUCTS_DIR)/Swift_CombineIntro.app/Swift_CombineIntro";
			};
			name = Release;
		};
		9B53002F27FB9FC900183A8F /* Debug */ = {
			isa = XCBuildConfiguration;
			buildSettings = {
				ALWAYS_EMBED_SWIFT_STANDARD_LIBRARIES = YES;
				CODE_SIGN_STYLE = Automatic;
				CURRENT_PROJECT_VERSION = 1;
				DEVELOPMENT_TEAM = JUG5Q2JKZC;
				GENERATE_INFOPLIST_FILE = YES;
				MARKETING_VERSION = 1.0;
				PRODUCT_BUNDLE_IDENTIFIER = "com.app.swift.Swift-CombineIntroUITests";
				PRODUCT_NAME = "$(TARGET_NAME)";
				SWIFT_EMIT_LOC_STRINGS = NO;
				SWIFT_VERSION = 5.0;
				TARGETED_DEVICE_FAMILY = "1,2";
				TEST_TARGET_NAME = Swift_CombineIntro;
			};
			name = Debug;
		};
		9B53003027FB9FC900183A8F /* Release */ = {
			isa = XCBuildConfiguration;
			buildSettings = {
				ALWAYS_EMBED_SWIFT_STANDARD_LIBRARIES = YES;
				CODE_SIGN_STYLE = Automatic;
				CURRENT_PROJECT_VERSION = 1;
				DEVELOPMENT_TEAM = JUG5Q2JKZC;
				GENERATE_INFOPLIST_FILE = YES;
				MARKETING_VERSION = 1.0;
				PRODUCT_BUNDLE_IDENTIFIER = "com.app.swift.Swift-CombineIntroUITests";
				PRODUCT_NAME = "$(TARGET_NAME)";
				SWIFT_EMIT_LOC_STRINGS = NO;
				SWIFT_VERSION = 5.0;
				TARGETED_DEVICE_FAMILY = "1,2";
				TEST_TARGET_NAME = Swift_CombineIntro;
			};
			name = Release;
		};
/* End XCBuildConfiguration section */

/* Begin XCConfigurationList section */
		9B53002827FB9FC900183A8F /* Build configuration list for PBXNativeTarget "Swift_CombineIntro" */ = {
			isa = XCConfigurationList;
			buildConfigurations = (
				9B53002927FB9FC900183A8F /* Debug */,
				9B53002A27FB9FC900183A8F /* Release */,
			);
			defaultConfigurationIsVisible = 0;
			defaultConfigurationName = Release;
		};
		9B53002B27FB9FC900183A8F /* Build configuration list for PBXNativeTarget "Swift_CombineIntroTests" */ = {
			isa = XCConfigurationList;
			buildConfigurations = (
				9B53002C27FB9FC900183A8F /* Debug */,
				9B53002D27FB9FC900183A8F /* Release */,
			);
			defaultConfigurationIsVisible = 0;
			defaultConfigurationName = Release;
		};
		9B53002E27FB9FC900183A8F /* Build configuration list for PBXNativeTarget "Swift_CombineIntroUITests" */ = {
			isa = XCConfigurationList;
			buildConfigurations = (
				9B53002F27FB9FC900183A8F /* Debug */,
				9B53003027FB9FC900183A8F /* Release */,
			);
			defaultConfigurationIsVisible = 0;
			defaultConfigurationName = Release;
		};
		9B53FFF927FB9FC700183A8F /* Build configuration list for PBXProject "Swift_CombineIntro" */ = {
			isa = XCConfigurationList;
			buildConfigurations = (
				9B53002627FB9FC900183A8F /* Debug */,
				9B53002727FB9FC900183A8F /* Release */,
			);
			defaultConfigurationIsVisible = 0;
			defaultConfigurationName = Release;
		};
/* End XCConfigurationList section */
	};
	rootObject = 9B53FFF627FB9FC700183A8F /* Project object */;
}
